// !$*UTF8*$!
{
	archiveVersion = 1;
	classes = {
	};
	objectVersion = 46;
	objects = {

/* Begin PBXBuildFile section */
		18A4F7CB18F7EA9900CD9024 /* Foundation.framework in Frameworks */ = {isa = PBXBuildFile; fileRef = 18A4F7CA18F7EA9900CD9024 /* Foundation.framework */; };
		18A4F7CD18F7EA9900CD9024 /* CoreGraphics.framework in Frameworks */ = {isa = PBXBuildFile; fileRef = 18A4F7CC18F7EA9900CD9024 /* CoreGraphics.framework */; };
		18A4F7CF18F7EA9900CD9024 /* UIKit.framework in Frameworks */ = {isa = PBXBuildFile; fileRef = 18A4F7CE18F7EA9900CD9024 /* UIKit.framework */; };
		18A4F7D518F7EA9900CD9024 /* InfoPlist.strings in Resources */ = {isa = PBXBuildFile; fileRef = 18A4F7D318F7EA9900CD9024 /* InfoPlist.strings */; };
		18A4F7D718F7EA9900CD9024 /* main.m in Sources */ = {isa = PBXBuildFile; fileRef = 18A4F7D618F7EA9900CD9024 /* main.m */; };
		18A4F7DB18F7EA9900CD9024 /* AppDelegate.m in Sources */ = {isa = PBXBuildFile; fileRef = 18A4F7DA18F7EA9900CD9024 /* AppDelegate.m */; };
		18A4F7DD18F7EA9900CD9024 /* Images.xcassets in Resources */ = {isa = PBXBuildFile; fileRef = 18A4F7DC18F7EA9900CD9024 /* Images.xcassets */; };
		18A4F7E418F7EA9900CD9024 /* XCTest.framework in Frameworks */ = {isa = PBXBuildFile; fileRef = 18A4F7E318F7EA9900CD9024 /* XCTest.framework */; };
		18A4F7E518F7EA9900CD9024 /* Foundation.framework in Frameworks */ = {isa = PBXBuildFile; fileRef = 18A4F7CA18F7EA9900CD9024 /* Foundation.framework */; };
		18A4F7E618F7EA9900CD9024 /* UIKit.framework in Frameworks */ = {isa = PBXBuildFile; fileRef = 18A4F7CE18F7EA9900CD9024 /* UIKit.framework */; };
		18A4F7EE18F7EA9900CD9024 /* InfoPlist.strings in Resources */ = {isa = PBXBuildFile; fileRef = 18A4F7EC18F7EA9900CD9024 /* InfoPlist.strings */; };
		18A4F7F018F7EA9900CD9024 /* LanuchCellTests.m in Sources */ = {isa = PBXBuildFile; fileRef = 18A4F7EF18F7EA9900CD9024 /* LanuchCellTests.m */; };
		18A4F80718F7EB7700CD9024 /* MoreTableSectionView.m in Sources */ = {isa = PBXBuildFile; fileRef = 18A4F7FB18F7EB7700CD9024 /* MoreTableSectionView.m */; };
		18A4F80818F7EB7700CD9024 /* MoreTableView.m in Sources */ = {isa = PBXBuildFile; fileRef = 18A4F7FE18F7EB7700CD9024 /* MoreTableView.m */; };
		18A4F80918F7EB7700CD9024 /* MoreTableViewCell.m in Sources */ = {isa = PBXBuildFile; fileRef = 18A4F80118F7EB7700CD9024 /* MoreTableViewCell.m */; };
		18A4F80E18F7EC6200CD9024 /* MoreDetailesViewController.m in Sources */ = {isa = PBXBuildFile; fileRef = 18A4F80D18F7EC6200CD9024 /* MoreDetailesViewController.m */; };
		18A4F81018F7EDBD00CD9024 /* touxiang2.jpg in Resources */ = {isa = PBXBuildFile; fileRef = 18A4F80F18F7EDBD00CD9024 /* touxiang2.jpg */; };
		18A4F81218F7EEB100CD9024 /* right.png in Resources */ = {isa = PBXBuildFile; fileRef = 18A4F81118F7EEB100CD9024 /* right.png */; };
/* End PBXBuildFile section */

/* Begin PBXContainerItemProxy section */
		18A4F7E718F7EA9900CD9024 /* PBXContainerItemProxy */ = {
			isa = PBXContainerItemProxy;
			containerPortal = 18A4F7BF18F7EA9900CD9024 /* Project object */;
			proxyType = 1;
			remoteGlobalIDString = 18A4F7C618F7EA9900CD9024;
			remoteInfo = LanuchCell;
		};
/* End PBXContainerItemProxy section */

/* Begin PBXFileReference section */
		18A4F7C718F7EA9900CD9024 /* LanuchCell.app */ = {isa = PBXFileReference; explicitFileType = wrapper.application; includeInIndex = 0; path = LanuchCell.app; sourceTree = BUILT_PRODUCTS_DIR; };
		18A4F7CA18F7EA9900CD9024 /* Foundation.framework */ = {isa = PBXFileReference; lastKnownFileType = wrapper.framework; name = Foundation.framework; path = System/Library/Frameworks/Foundation.framework; sourceTree = SDKROOT; };
		18A4F7CC18F7EA9900CD9024 /* CoreGraphics.framework */ = {isa = PBXFileReference; lastKnownFileType = wrapper.framework; name = CoreGraphics.framework; path = System/Library/Frameworks/CoreGraphics.framework; sourceTree = SDKROOT; };
		18A4F7CE18F7EA9900CD9024 /* UIKit.framework */ = {isa = PBXFileReference; lastKnownFileType = wrapper.framework; name = UIKit.framework; path = System/Library/Frameworks/UIKit.framework; sourceTree = SDKROOT; };
		18A4F7D218F7EA9900CD9024 /* LanuchCell-Info.plist */ = {isa = PBXFileReference; lastKnownFileType = text.plist.xml; path = "LanuchCell-Info.plist"; sourceTree = "<group>"; };
		18A4F7D418F7EA9900CD9024 /* en */ = {isa = PBXFileReference; lastKnownFileType = text.plist.strings; name = en; path = en.lproj/InfoPlist.strings; sourceTree = "<group>"; };
		18A4F7D618F7EA9900CD9024 /* main.m */ = {isa = PBXFileReference; lastKnownFileType = sourcecode.c.objc; path = main.m; sourceTree = "<group>"; };
		18A4F7D818F7EA9900CD9024 /* LanuchCell-Prefix.pch */ = {isa = PBXFileReference; lastKnownFileType = sourcecode.c.h; path = "LanuchCell-Prefix.pch"; sourceTree = "<group>"; };
		18A4F7D918F7EA9900CD9024 /* AppDelegate.h */ = {isa = PBXFileReference; lastKnownFileType = sourcecode.c.h; path = AppDelegate.h; sourceTree = "<group>"; };
		18A4F7DA18F7EA9900CD9024 /* AppDelegate.m */ = {isa = PBXFileReference; lastKnownFileType = sourcecode.c.objc; path = AppDelegate.m; sourceTree = "<group>"; };
		18A4F7DC18F7EA9900CD9024 /* Images.xcassets */ = {isa = PBXFileReference; lastKnownFileType = folder.assetcatalog; path = Images.xcassets; sourceTree = "<group>"; };
		18A4F7E218F7EA9900CD9024 /* LanuchCellTests.xctest */ = {isa = PBXFileReference; explicitFileType = wrapper.cfbundle; includeInIndex = 0; path = LanuchCellTests.xctest; sourceTree = BUILT_PRODUCTS_DIR; };
		18A4F7E318F7EA9900CD9024 /* XCTest.framework */ = {isa = PBXFileReference; lastKnownFileType = wrapper.framework; name = XCTest.framework; path = Library/Frameworks/XCTest.framework; sourceTree = DEVELOPER_DIR; };
		18A4F7EB18F7EA9900CD9024 /* LanuchCellTests-Info.plist */ = {isa = PBXFileReference; lastKnownFileType = text.plist.xml; path = "LanuchCellTests-Info.plist"; sourceTree = "<group>"; };
		18A4F7ED18F7EA9900CD9024 /* en */ = {isa = PBXFileReference; lastKnownFileType = text.plist.strings; name = en; path = en.lproj/InfoPlist.strings; sourceTree = "<group>"; };
		18A4F7EF18F7EA9900CD9024 /* LanuchCellTests.m */ = {isa = PBXFileReference; lastKnownFileType = sourcecode.c.objc; path = LanuchCellTests.m; sourceTree = "<group>"; };
		18A4F7FA18F7EB7700CD9024 /* MoreTableSectionView.h */ = {isa = PBXFileReference; fileEncoding = 4; lastKnownFileType = sourcecode.c.h; path = MoreTableSectionView.h; sourceTree = "<group>"; };
		18A4F7FB18F7EB7700CD9024 /* MoreTableSectionView.m */ = {isa = PBXFileReference; fileEncoding = 4; lastKnownFileType = sourcecode.c.objc; path = MoreTableSectionView.m; sourceTree = "<group>"; };
		18A4F7FD18F7EB7700CD9024 /* MoreTableView.h */ = {isa = PBXFileReference; fileEncoding = 4; lastKnownFileType = sourcecode.c.h; path = MoreTableView.h; sourceTree = "<group>"; };
		18A4F7FE18F7EB7700CD9024 /* MoreTableView.m */ = {isa = PBXFileReference; fileEncoding = 4; lastKnownFileType = sourcecode.c.objc; path = MoreTableView.m; sourceTree = "<group>"; };
		18A4F80018F7EB7700CD9024 /* MoreTableViewCell.h */ = {isa = PBXFileReference; fileEncoding = 4; lastKnownFileType = sourcecode.c.h; path = MoreTableViewCell.h; sourceTree = "<group>"; };
		18A4F80118F7EB7700CD9024 /* MoreTableViewCell.m */ = {isa = PBXFileReference; fileEncoding = 4; lastKnownFileType = sourcecode.c.objc; path = MoreTableViewCell.m; sourceTree = "<group>"; };
		18A4F80C18F7EC6200CD9024 /* MoreDetailesViewController.h */ = {isa = PBXFileReference; fileEncoding = 4; lastKnownFileType = sourcecode.c.h; name = MoreDetailesViewController.h; path = LanuchCell/MoreDetailesViewController.h; sourceTree = SOURCE_ROOT; };
		18A4F80D18F7EC6200CD9024 /* MoreDetailesViewController.m */ = {isa = PBXFileReference; fileEncoding = 4; lastKnownFileType = sourcecode.c.objc; name = MoreDetailesViewController.m; path = LanuchCell/MoreDetailesViewController.m; sourceTree = SOURCE_ROOT; };
		18A4F80F18F7EDBD00CD9024 /* touxiang2.jpg */ = {isa = PBXFileReference; lastKnownFileType = image.jpeg; name = touxiang2.jpg; path = LanuchCell/touxiang2.jpg; sourceTree = "<group>"; };
		18A4F81118F7EEB100CD9024 /* right.png */ = {isa = PBXFileReference; lastKnownFileType = image.png; name = right.png; path = LanuchCell/right.png; sourceTree = "<group>"; };
/* End PBXFileReference section */

/* Begin PBXFrameworksBuildPhase section */
		18A4F7C418F7EA9900CD9024 /* Frameworks */ = {
			isa = PBXFrameworksBuildPhase;
			buildActionMask = 2147483647;
			files = (
				18A4F7CD18F7EA9900CD9024 /* CoreGraphics.framework in Frameworks */,
				18A4F7CF18F7EA9900CD9024 /* UIKit.framework in Frameworks */,
				18A4F7CB18F7EA9900CD9024 /* Foundation.framework in Frameworks */,
			);
			runOnlyForDeploymentPostprocessing = 0;
		};
		18A4F7DF18F7EA9900CD9024 /* Frameworks */ = {
			isa = PBXFrameworksBuildPhase;
			buildActionMask = 2147483647;
			files = (
				18A4F7E418F7EA9900CD9024 /* XCTest.framework in Frameworks */,
				18A4F7E618F7EA9900CD9024 /* UIKit.framework in Frameworks */,
				18A4F7E518F7EA9900CD9024 /* Foundation.framework in Frameworks */,
			);
			runOnlyForDeploymentPostprocessing = 0;
		};
/* End PBXFrameworksBuildPhase section */

/* Begin PBXGroup section */
		18A4F7BE18F7EA9900CD9024 = {
			isa = PBXGroup;
			children = (
				18A4F81118F7EEB100CD9024 /* right.png */,
				18A4F80F18F7EDBD00CD9024 /* touxiang2.jpg */,
				18A4F7D018F7EA9900CD9024 /* LanuchCell */,
				18A4F7E918F7EA9900CD9024 /* LanuchCellTests */,
				18A4F7C918F7EA9900CD9024 /* Frameworks */,
				18A4F7C818F7EA9900CD9024 /* Products */,
			);
			sourceTree = "<group>";
		};
		18A4F7C818F7EA9900CD9024 /* Products */ = {
			isa = PBXGroup;
			children = (
				18A4F7C718F7EA9900CD9024 /* LanuchCell.app */,
				18A4F7E218F7EA9900CD9024 /* LanuchCellTests.xctest */,
			);
			name = Products;
			sourceTree = "<group>";
		};
		18A4F7C918F7EA9900CD9024 /* Frameworks */ = {
			isa = PBXGroup;
			children = (
				18A4F7CA18F7EA9900CD9024 /* Foundation.framework */,
				18A4F7CC18F7EA9900CD9024 /* CoreGraphics.framework */,
				18A4F7CE18F7EA9900CD9024 /* UIKit.framework */,
				18A4F7E318F7EA9900CD9024 /* XCTest.framework */,
			);
			name = Frameworks;
			sourceTree = "<group>";
		};
		18A4F7D018F7EA9900CD9024 /* LanuchCell */ = {
			isa = PBXGroup;
			children = (
				18A4F7F918F7EB7700CD9024 /* MoreTableSectionView */,
				18A4F7FC18F7EB7700CD9024 /* MoreTableView */,
				18A4F7FF18F7EB7700CD9024 /* MoreTableViewCell */,
				18A4F80C18F7EC6200CD9024 /* MoreDetailesViewController.h */,
				18A4F80D18F7EC6200CD9024 /* MoreDetailesViewController.m */,
				18A4F7D918F7EA9900CD9024 /* AppDelegate.h */,
				18A4F7DA18F7EA9900CD9024 /* AppDelegate.m */,
				18A4F7DC18F7EA9900CD9024 /* Images.xcassets */,
				18A4F7D118F7EA9900CD9024 /* Supporting Files */,
			);
			path = LanuchCell;
			sourceTree = "<group>";
		};
		18A4F7D118F7EA9900CD9024 /* Supporting Files */ = {
			isa = PBXGroup;
			children = (
				18A4F7D218F7EA9900CD9024 /* LanuchCell-Info.plist */,
				18A4F7D318F7EA9900CD9024 /* InfoPlist.strings */,
				18A4F7D618F7EA9900CD9024 /* main.m */,
				18A4F7D818F7EA9900CD9024 /* LanuchCell-Prefix.pch */,
			);
			name = "Supporting Files";
			sourceTree = "<group>";
		};
		18A4F7E918F7EA9900CD9024 /* LanuchCellTests */ = {
			isa = PBXGroup;
			children = (
				18A4F7EF18F7EA9900CD9024 /* LanuchCellTests.m */,
				18A4F7EA18F7EA9900CD9024 /* Supporting Files */,
			);
			path = LanuchCellTests;
			sourceTree = "<group>";
		};
		18A4F7EA18F7EA9900CD9024 /* Supporting Files */ = {
			isa = PBXGroup;
			children = (
				18A4F7EB18F7EA9900CD9024 /* LanuchCellTests-Info.plist */,
				18A4F7EC18F7EA9900CD9024 /* InfoPlist.strings */,
			);
			name = "Supporting Files";
			sourceTree = "<group>";
		};
		18A4F7F918F7EB7700CD9024 /* MoreTableSectionView */ = {
			isa = PBXGroup;
			children = (
				18A4F7FA18F7EB7700CD9024 /* MoreTableSectionView.h */,
				18A4F7FB18F7EB7700CD9024 /* MoreTableSectionView.m */,
			);
			path = MoreTableSectionView;
			sourceTree = "<group>";
		};
		18A4F7FC18F7EB7700CD9024 /* MoreTableView */ = {
			isa = PBXGroup;
			children = (
				18A4F7FD18F7EB7700CD9024 /* MoreTableView.h */,
				18A4F7FE18F7EB7700CD9024 /* MoreTableView.m */,
			);
			path = MoreTableView;
			sourceTree = "<group>";
		};
		18A4F7FF18F7EB7700CD9024 /* MoreTableViewCell */ = {
			isa = PBXGroup;
			children = (
				18A4F80018F7EB7700CD9024 /* MoreTableViewCell.h */,
				18A4F80118F7EB7700CD9024 /* MoreTableViewCell.m */,
			);
			path = MoreTableViewCell;
			sourceTree = "<group>";
		};
/* End PBXGroup section */

/* Begin PBXNativeTarget section */
		18A4F7C618F7EA9900CD9024 /* LanuchCell */ = {
			isa = PBXNativeTarget;
			buildConfigurationList = 18A4F7F318F7EA9900CD9024 /* Build configuration list for PBXNativeTarget "LanuchCell" */;
			buildPhases = (
				18A4F7C318F7EA9900CD9024 /* Sources */,
				18A4F7C418F7EA9900CD9024 /* Frameworks */,
				18A4F7C518F7EA9900CD9024 /* Resources */,
			);
			buildRules = (
			);
			dependencies = (
			);
			name = LanuchCell;
			productName = LanuchCell;
			productReference = 18A4F7C718F7EA9900CD9024 /* LanuchCell.app */;
			productType = "com.apple.product-type.application";
		};
		18A4F7E118F7EA9900CD9024 /* LanuchCellTests */ = {
			isa = PBXNativeTarget;
			buildConfigurationList = 18A4F7F618F7EA9900CD9024 /* Build configuration list for PBXNativeTarget "LanuchCellTests" */;
			buildPhases = (
				18A4F7DE18F7EA9900CD9024 /* Sources */,
				18A4F7DF18F7EA9900CD9024 /* Frameworks */,
				18A4F7E018F7EA9900CD9024 /* Resources */,
			);
			buildRules = (
			);
			dependencies = (
				18A4F7E818F7EA9900CD9024 /* PBXTargetDependency */,
			);
			name = LanuchCellTests;
			productName = LanuchCellTests;
			productReference = 18A4F7E218F7EA9900CD9024 /* LanuchCellTests.xctest */;
			productType = "com.apple.product-type.bundle.unit-test";
		};
/* End PBXNativeTarget section */

/* Begin PBXProject section */
		18A4F7BF18F7EA9900CD9024 /* Project object */ = {
			isa = PBXProject;
			attributes = {
				LastUpgradeCheck = 0500;
				ORGANIZATIONNAME = chenhao;
				TargetAttributes = {
					18A4F7E118F7EA9900CD9024 = {
						TestTargetID = 18A4F7C618F7EA9900CD9024;
					};
				};
			};
			buildConfigurationList = 18A4F7C218F7EA9900CD9024 /* Build configuration list for PBXProject "LanuchCell" */;
			compatibilityVersion = "Xcode 3.2";
			developmentRegion = English;
			hasScannedForEncodings = 0;
			knownRegions = (
				en,
			);
			mainGroup = 18A4F7BE18F7EA9900CD9024;
			productRefGroup = 18A4F7C818F7EA9900CD9024 /* Products */;
			projectDirPath = "";
			projectRoot = "";
			targets = (
				18A4F7C618F7EA9900CD9024 /* LanuchCell */,
				18A4F7E118F7EA9900CD9024 /* LanuchCellTests */,
			);
		};
/* End PBXProject section */

/* Begin PBXResourcesBuildPhase section */
		18A4F7C518F7EA9900CD9024 /* Resources */ = {
			isa = PBXResourcesBuildPhase;
			buildActionMask = 2147483647;
			files = (
				18A4F81018F7EDBD00CD9024 /* touxiang2.jpg in Resources */,
				18A4F7D518F7EA9900CD9024 /* InfoPlist.strings in Resources */,
				18A4F81218F7EEB100CD9024 /* right.png in Resources */,
				18A4F7DD18F7EA9900CD9024 /* Images.xcassets in Resources */,
			);
			runOnlyForDeploymentPostprocessing = 0;
		};
		18A4F7E018F7EA9900CD9024 /* Resources */ = {
			isa = PBXResourcesBuildPhase;
			buildActionMask = 2147483647;
			files = (
				18A4F7EE18F7EA9900CD9024 /* InfoPlist.strings in Resources */,
			);
			runOnlyForDeploymentPostprocessing = 0;
		};
/* End PBXResourcesBuildPhase section */

/* Begin PBXSourcesBuildPhase section */
		18A4F7C318F7EA9900CD9024 /* Sources */ = {
			isa = PBXSourcesBuildPhase;
			buildActionMask = 2147483647;
			files = (
				18A4F80E18F7EC6200CD9024 /* MoreDetailesViewController.m in Sources */,
				18A4F80818F7EB7700CD9024 /* MoreTableView.m in Sources */,
				18A4F7DB18F7EA9900CD9024 /* AppDelegate.m in Sources */,
				18A4F80918F7EB7700CD9024 /* MoreTableViewCell.m in Sources */,
				18A4F7D718F7EA9900CD9024 /* main.m in Sources */,
				18A4F80718F7EB7700CD9024 /* MoreTableSectionView.m in Sources */,
			);
			runOnlyForDeploymentPostprocessing = 0;
		};
		18A4F7DE18F7EA9900CD9024 /* Sources */ = {
			isa = PBXSourcesBuildPhase;
			buildActionMask = 2147483647;
			files = (
				18A4F7F018F7EA9900CD9024 /* LanuchCellTests.m in Sources */,
			);
			runOnlyForDeploymentPostprocessing = 0;
		};
/* End PBXSourcesBuildPhase section */

/* Begin PBXTargetDependency section */
		18A4F7E818F7EA9900CD9024 /* PBXTargetDependency */ = {
			isa = PBXTargetDependency;
			target = 18A4F7C618F7EA9900CD9024 /* LanuchCell */;
			targetProxy = 18A4F7E718F7EA9900CD9024 /* PBXContainerItemProxy */;
		};
/* End PBXTargetDependency section */

/* Begin PBXVariantGroup section */
		18A4F7D318F7EA9900CD9024 /* InfoPlist.strings */ = {
			isa = PBXVariantGroup;
			children = (
				18A4F7D418F7EA9900CD9024 /* en */,
			);
			name = InfoPlist.strings;
			sourceTree = "<group>";
		};
		18A4F7EC18F7EA9900CD9024 /* InfoPlist.strings */ = {
			isa = PBXVariantGroup;
			children = (
				18A4F7ED18F7EA9900CD9024 /* en */,
			);
			name = InfoPlist.strings;
			sourceTree = "<group>";
		};
/* End PBXVariantGroup section */

/* Begin XCBuildConfiguration section */
		18A4F7F118F7EA9900CD9024 /* Debug */ = {
			isa = XCBuildConfiguration;
			buildSettings = {
				ALWAYS_SEARCH_USER_PATHS = NO;
				ARCHS = "$(ARCHS_STANDARD_INCLUDING_64_BIT)";
				CLANG_CXX_LANGUAGE_STANDARD = "gnu++0x";
				CLANG_CXX_LIBRARY = "libc++";
				CLANG_ENABLE_MODULES = YES;
				CLANG_ENABLE_OBJC_ARC = YES;
				CLANG_WARN_BOOL_CONVERSION = YES;
				CLANG_WARN_CONSTANT_CONVERSION = YES;
				CLANG_WARN_DIRECT_OBJC_ISA_USAGE = YES_ERROR;
				CLANG_WARN_EMPTY_BODY = YES;
				CLANG_WARN_ENUM_CONVERSION = YES;
				CLANG_WARN_INT_CONVERSION = YES;
				CLANG_WARN_OBJC_ROOT_CLASS = YES_ERROR;
				CLANG_WARN__DUPLICATE_METHOD_MATCH = YES;
				"CODE_SIGN_IDENTITY[sdk=iphoneos*]" = "iPhone Developer";
				COPY_PHASE_STRIP = NO;
				GCC_C_LANGUAGE_STANDARD = gnu99;
				GCC_DYNAMIC_NO_PIC = NO;
				GCC_OPTIMIZATION_LEVEL = 0;
				GCC_PREPROCESSOR_DEFINITIONS = (
					"DEBUG=1",
					"$(inherited)",
				);
				GCC_SYMBOLS_PRIVATE_EXTERN = NO;
				GCC_WARN_64_TO_32_BIT_CONVERSION = YES;
				GCC_WARN_ABOUT_RETURN_TYPE = YES_ERROR;
				GCC_WARN_UNDECLARED_SELECTOR = YES;
				GCC_WARN_UNINITIALIZED_AUTOS = YES;
				GCC_WARN_UNUSED_FUNCTION = YES;
				GCC_WARN_UNUSED_VARIABLE = YES;
				IPHONEOS_DEPLOYMENT_TARGET = 7.0;
				ONLY_ACTIVE_ARCH = YES;
				SDKROOT = iphoneos;
				TARGETED_DEVICE_FAMILY = "1,2";
			};
			name = Debug;
		};
		18A4F7F218F7EA9900CD9024 /* Release */ = {
			isa = XCBuildConfiguration;
			buildSettings = {
				ALWAYS_SEARCH_USER_PATHS = NO;
				ARCHS = "$(ARCHS_STANDARD_INCLUDING_64_BIT)";
				CLANG_CXX_LANGUAGE_STANDARD = "gnu++0x";
				CLANG_CXX_LIBRARY = "libc++";
				CLANG_ENABLE_MODULES = YES;
				CLANG_ENABLE_OBJC_ARC = YES;
				CLANG_WARN_BOOL_CONVERSION = YES;
				CLANG_WARN_CONSTANT_CONVERSION = YES;
				CLANG_WARN_DIRECT_OBJC_ISA_USAGE = YES_ERROR;
				CLANG_WARN_EMPTY_BODY = YES;
				CLANG_WARN_ENUM_CONVERSION = YES;
				CLANG_WARN_INT_CONVERSION = YES;
				CLANG_WARN_OBJC_ROOT_CLASS = YES_ERROR;
				CLANG_WARN__DUPLICATE_METHOD_MATCH = YES;
				"CODE_SIGN_IDENTITY[sdk=iphoneos*]" = "iPhone Developer";
				COPY_PHASE_STRIP = YES;
				ENABLE_NS_ASSERTIONS = NO;
				GCC_C_LANGUAGE_STANDARD = gnu99;
				GCC_WARN_64_TO_32_BIT_CONVERSION = YES;
				GCC_WARN_ABOUT_RETURN_TYPE = YES_ERROR;
				GCC_WARN_UNDECLARED_SELECTOR = YES;
				GCC_WARN_UNINITIALIZED_AUTOS = YES;
				GCC_WARN_UNUSED_FUNCTION = YES;
				GCC_WARN_UNUSED_VARIABLE = YES;
				IPHONEOS_DEPLOYMENT_TARGET = 7.0;
				SDKROOT = iphoneos;
				TARGETED_DEVICE_FAMILY = "1,2";
				VALIDATE_PRODUCT = YES;
			};
			name = Release;
		};
		18A4F7F418F7EA9900CD9024 /* Debug */ = {
			isa = XCBuildConfiguration;
			buildSettings = {
				ASSETCATALOG_COMPILER_APPICON_NAME = AppIcon;
				ASSETCATALOG_COMPILER_LAUNCHIMAGE_NAME = LaunchImage;
				GCC_PRECOMPILE_PREFIX_HEADER = YES;
				GCC_PREFIX_HEADER = "LanuchCell/LanuchCell-Prefix.pch";
				INFOPLIST_FILE = "LanuchCell/LanuchCell-Info.plist";
				PRODUCT_NAME = "$(TARGET_NAME)";
				WRAPPER_EXTENSION = app;
			};
			name = Debug;
		};
		18A4F7F518F7EA9900CD9024 /* Release */ = {
			isa = XCBuildConfiguration;
			buildSettings = {
				ASSETCATALOG_COMPILER_APPICON_NAME = AppIcon;
				ASSETCATALOG_COMPILER_LAUNCHIMAGE_NAME = LaunchImage;
				GCC_PRECOMPILE_PREFIX_HEADER = YES;
				GCC_PREFIX_HEADER = "LanuchCell/LanuchCell-Prefix.pch";
				INFOPLIST_FILE = "LanuchCell/LanuchCell-Info.plist";
				PRODUCT_NAME = "$(TARGET_NAME)";
				WRAPPER_EXTENSION = app;
			};
			name = Release;
		};
		18A4F7F718F7EA9900CD9024 /* Debug */ = {
			isa = XCBuildConfiguration;
			buildSettings = {
				ARCHS = "$(ARCHS_STANDARD_INCLUDING_64_BIT)";
				BUNDLE_LOADER = "$(BUILT_PRODUCTS_DIR)/LanuchCell.app/LanuchCell";
				FRAMEWORK_SEARCH_PATHS = (
					"$(SDKROOT)/Developer/Library/Frameworks",
					"$(inherited)",
					"$(DEVELOPER_FRAMEWORKS_DIR)",
				);
				GCC_PRECOMPILE_PREFIX_HEADER = YES;
				GCC_PREFIX_HEADER = "LanuchCell/LanuchCell-Prefix.pch";
				GCC_PREPROCESSOR_DEFINITIONS = (
					"DEBUG=1",
					"$(inherited)",
				);
				INFOPLIST_FILE = "LanuchCellTests/LanuchCellTests-Info.plist";
				PRODUCT_NAME = "$(TARGET_NAME)";
				TEST_HOST = "$(BUNDLE_LOADER)";
				WRAPPER_EXTENSION = xctest;
			};
			name = Debug;
		};
		18A4F7F818F7EA9900CD9024 /* Release */ = {
			isa = XCBuildConfiguration;
			buildSettings = {
				ARCHS = "$(ARCHS_STANDARD_INCLUDING_64_BIT)";
				BUNDLE_LOADER = "$(BUILT_PRODUCTS_DIR)/LanuchCell.app/LanuchCell";
				FRAMEWORK_SEARCH_PATHS = (
					"$(SDKROOT)/Developer/Library/Frameworks",
					"$(inherited)",
					"$(DEVELOPER_FRAMEWORKS_DIR)",
				);
				GCC_PRECOMPILE_PREFIX_HEADER = YES;
				GCC_PREFIX_HEADER = "LanuchCell/LanuchCell-Prefix.pch";
				INFOPLIST_FILE = "LanuchCellTests/LanuchCellTests-Info.plist";
				PRODUCT_NAME = "$(TARGET_NAME)";
				TEST_HOST = "$(BUNDLE_LOADER)";
				WRAPPER_EXTENSION = xctest;
			};
			name = Release;
		};
/* End XCBuildConfiguration section */

/* Begin XCConfigurationList section */
		18A4F7C218F7EA9900CD9024 /* Build configuration list for PBXProject "LanuchCell" */ = {
			isa = XCConfigurationList;
			buildConfigurations = (
				18A4F7F118F7EA9900CD9024 /* Debug */,
				18A4F7F218F7EA9900CD9024 /* Release */,
			);
			defaultConfigurationIsVisible = 0;
			defaultConfigurationName = Release;
		};
		18A4F7F318F7EA9900CD9024 /* Build configuration list for PBXNativeTarget "LanuchCell" */ = {
			isa = XCConfigurationList;
			buildConfigurations = (
				18A4F7F418F7EA9900CD9024 /* Debug */,
				18A4F7F518F7EA9900CD9024 /* Release */,
			);
			defaultConfigurationIsVisible = 0;
		};
		18A4F7F618F7EA9900CD9024 /* Build configuration list for PBXNativeTarget "LanuchCellTests" */ = {
			isa = XCConfigurationList;
			buildConfigurations = (
				18A4F7F718F7EA9900CD9024 /* Debug */,
				18A4F7F818F7EA9900CD9024 /* Release */,
			);
			defaultConfigurationIsVisible = 0;
		};
/* End XCConfigurationList section */
	};
	rootObject = 18A4F7BF18F7EA9900CD9024 /* Project object */;
}
