// !$*UTF8*$!
{
	archiveVersion = 1;
	classes = {
	};
	objectVersion = 46;
	objects = {

/* Begin PBXBuildFile section */
		183A98FF18DAB6BA008E965A /* Foundation.framework in Frameworks */ = {isa = PBXBuildFile; fileRef = 183A98FE18DAB6BA008E965A /* Foundation.framework */; };
		183A990118DAB6BA008E965A /* CoreGraphics.framework in Frameworks */ = {isa = PBXBuildFile; fileRef = 183A990018DAB6BA008E965A /* CoreGraphics.framework */; };
		183A990318DAB6BA008E965A /* UIKit.framework in Frameworks */ = {isa = PBXBuildFile; fileRef = 183A990218DAB6BA008E965A /* UIKit.framework */; };
		183A990918DAB6BA008E965A /* InfoPlist.strings in Resources */ = {isa = PBXBuildFile; fileRef = 183A990718DAB6BA008E965A /* InfoPlist.strings */; };
		183A990B18DAB6BA008E965A /* main.m in Sources */ = {isa = PBXBuildFile; fileRef = 183A990A18DAB6BA008E965A /* main.m */; };
		183A990F18DAB6BA008E965A /* AppDelegate.m in Sources */ = {isa = PBXBuildFile; fileRef = 183A990E18DAB6BA008E965A /* AppDelegate.m */; };
		183A991218DAB6BA008E965A /* Main.storyboard in Resources */ = {isa = PBXBuildFile; fileRef = 183A991018DAB6BA008E965A /* Main.storyboard */; };
		183A991518DAB6BA008E965A /* ViewController.m in Sources */ = {isa = PBXBuildFile; fileRef = 183A991418DAB6BA008E965A /* ViewController.m */; };
		183A991718DAB6BA008E965A /* Images.xcassets in Resources */ = {isa = PBXBuildFile; fileRef = 183A991618DAB6BA008E965A /* Images.xcassets */; };
		183A991E18DAB6BA008E965A /* XCTest.framework in Frameworks */ = {isa = PBXBuildFile; fileRef = 183A991D18DAB6BA008E965A /* XCTest.framework */; };
		183A991F18DAB6BA008E965A /* Foundation.framework in Frameworks */ = {isa = PBXBuildFile; fileRef = 183A98FE18DAB6BA008E965A /* Foundation.framework */; };
		183A992018DAB6BA008E965A /* UIKit.framework in Frameworks */ = {isa = PBXBuildFile; fileRef = 183A990218DAB6BA008E965A /* UIKit.framework */; };
		183A992818DAB6BA008E965A /* InfoPlist.strings in Resources */ = {isa = PBXBuildFile; fileRef = 183A992618DAB6BA008E965A /* InfoPlist.strings */; };
		183A992A18DAB6BA008E965A /* EmojiKeyBoardTests.m in Sources */ = {isa = PBXBuildFile; fileRef = 183A992918DAB6BA008E965A /* EmojiKeyBoardTests.m */; };
		183A993618DAB6F2008E965A /* EmojiPage_1.m in Sources */ = {isa = PBXBuildFile; fileRef = 183A993518DAB6F2008E965A /* EmojiPage_1.m */; };
		183A993A18DAC45C008E965A /* backspace_n.png in Resources */ = {isa = PBXBuildFile; fileRef = 183A993918DAC45C008E965A /* backspace_n.png */; };
		183A993D18DACB60008E965A /* EmojiKeyBoard.m in Sources */ = {isa = PBXBuildFile; fileRef = 183A993C18DACB60008E965A /* EmojiKeyBoard.m */; };
		183A994018DAD353008E965A /* EmojiPage_2.m in Sources */ = {isa = PBXBuildFile; fileRef = 183A993F18DAD353008E965A /* EmojiPage_2.m */; };
		185D032918E52254002FBB8F /* EmojisList.plist in Resources */ = {isa = PBXBuildFile; fileRef = 185D032818E52254002FBB8F /* EmojisList.plist */; };
/* End PBXBuildFile section */

/* Begin PBXContainerItemProxy section */
		183A992118DAB6BA008E965A /* PBXContainerItemProxy */ = {
			isa = PBXContainerItemProxy;
			containerPortal = 183A98F318DAB6BA008E965A /* Project object */;
			proxyType = 1;
			remoteGlobalIDString = 183A98FA18DAB6BA008E965A;
			remoteInfo = EmojiKeyBoard;
		};
/* End PBXContainerItemProxy section */

/* Begin PBXFileReference section */
		183A98FB18DAB6BA008E965A /* EmojiKeyBoard.app */ = {isa = PBXFileReference; explicitFileType = wrapper.application; includeInIndex = 0; path = EmojiKeyBoard.app; sourceTree = BUILT_PRODUCTS_DIR; };
		183A98FE18DAB6BA008E965A /* Foundation.framework */ = {isa = PBXFileReference; lastKnownFileType = wrapper.framework; name = Foundation.framework; path = System/Library/Frameworks/Foundation.framework; sourceTree = SDKROOT; };
		183A990018DAB6BA008E965A /* CoreGraphics.framework */ = {isa = PBXFileReference; lastKnownFileType = wrapper.framework; name = CoreGraphics.framework; path = System/Library/Frameworks/CoreGraphics.framework; sourceTree = SDKROOT; };
		183A990218DAB6BA008E965A /* UIKit.framework */ = {isa = PBXFileReference; lastKnownFileType = wrapper.framework; name = UIKit.framework; path = System/Library/Frameworks/UIKit.framework; sourceTree = SDKROOT; };
		183A990618DAB6BA008E965A /* EmojiKeyBoard-Info.plist */ = {isa = PBXFileReference; lastKnownFileType = text.plist.xml; path = "EmojiKeyBoard-Info.plist"; sourceTree = "<group>"; };
		183A990818DAB6BA008E965A /* en */ = {isa = PBXFileReference; lastKnownFileType = text.plist.strings; name = en; path = en.lproj/InfoPlist.strings; sourceTree = "<group>"; };
		183A990A18DAB6BA008E965A /* main.m */ = {isa = PBXFileReference; lastKnownFileType = sourcecode.c.objc; path = main.m; sourceTree = "<group>"; };
		183A990C18DAB6BA008E965A /* EmojiKeyBoard-Prefix.pch */ = {isa = PBXFileReference; lastKnownFileType = sourcecode.c.h; path = "EmojiKeyBoard-Prefix.pch"; sourceTree = "<group>"; };
		183A990D18DAB6BA008E965A /* AppDelegate.h */ = {isa = PBXFileReference; lastKnownFileType = sourcecode.c.h; path = AppDelegate.h; sourceTree = "<group>"; };
		183A990E18DAB6BA008E965A /* AppDelegate.m */ = {isa = PBXFileReference; lastKnownFileType = sourcecode.c.objc; path = AppDelegate.m; sourceTree = "<group>"; };
		183A991118DAB6BA008E965A /* Base */ = {isa = PBXFileReference; lastKnownFileType = file.storyboard; name = Base; path = Base.lproj/Main.storyboard; sourceTree = "<group>"; };
		183A991318DAB6BA008E965A /* ViewController.h */ = {isa = PBXFileReference; lastKnownFileType = sourcecode.c.h; path = ViewController.h; sourceTree = "<group>"; };
		183A991418DAB6BA008E965A /* ViewController.m */ = {isa = PBXFileReference; lastKnownFileType = sourcecode.c.objc; path = ViewController.m; sourceTree = "<group>"; };
		183A991618DAB6BA008E965A /* Images.xcassets */ = {isa = PBXFileReference; lastKnownFileType = folder.assetcatalog; path = Images.xcassets; sourceTree = "<group>"; };
		183A991C18DAB6BA008E965A /* EmojiKeyBoardTests.xctest */ = {isa = PBXFileReference; explicitFileType = wrapper.cfbundle; includeInIndex = 0; path = EmojiKeyBoardTests.xctest; sourceTree = BUILT_PRODUCTS_DIR; };
		183A991D18DAB6BA008E965A /* XCTest.framework */ = {isa = PBXFileReference; lastKnownFileType = wrapper.framework; name = XCTest.framework; path = Library/Frameworks/XCTest.framework; sourceTree = DEVELOPER_DIR; };
		183A992518DAB6BA008E965A /* EmojiKeyBoardTests-Info.plist */ = {isa = PBXFileReference; lastKnownFileType = text.plist.xml; path = "EmojiKeyBoardTests-Info.plist"; sourceTree = "<group>"; };
		183A992718DAB6BA008E965A /* en */ = {isa = PBXFileReference; lastKnownFileType = text.plist.strings; name = en; path = en.lproj/InfoPlist.strings; sourceTree = "<group>"; };
		183A992918DAB6BA008E965A /* EmojiKeyBoardTests.m */ = {isa = PBXFileReference; lastKnownFileType = sourcecode.c.objc; path = EmojiKeyBoardTests.m; sourceTree = "<group>"; };
		183A993418DAB6F2008E965A /* EmojiPage_1.h */ = {isa = PBXFileReference; fileEncoding = 4; lastKnownFileType = sourcecode.c.h; path = EmojiPage_1.h; sourceTree = "<group>"; };
		183A993518DAB6F2008E965A /* EmojiPage_1.m */ = {isa = PBXFileReference; fileEncoding = 4; lastKnownFileType = sourcecode.c.objc; path = EmojiPage_1.m; sourceTree = "<group>"; };
		183A993918DAC45C008E965A /* backspace_n.png */ = {isa = PBXFileReference; lastKnownFileType = image.png; path = backspace_n.png; sourceTree = "<group>"; };
		183A993B18DACB60008E965A /* EmojiKeyBoard.h */ = {isa = PBXFileReference; fileEncoding = 4; lastKnownFileType = sourcecode.c.h; path = EmojiKeyBoard.h; sourceTree = "<group>"; };
		183A993C18DACB60008E965A /* EmojiKeyBoard.m */ = {isa = PBXFileReference; fileEncoding = 4; lastKnownFileType = sourcecode.c.objc; path = EmojiKeyBoard.m; sourceTree = "<group>"; };
		183A993E18DAD353008E965A /* EmojiPage_2.h */ = {isa = PBXFileReference; fileEncoding = 4; lastKnownFileType = sourcecode.c.h; path = EmojiPage_2.h; sourceTree = "<group>"; };
		183A993F18DAD353008E965A /* EmojiPage_2.m */ = {isa = PBXFileReference; fileEncoding = 4; lastKnownFileType = sourcecode.c.objc; path = EmojiPage_2.m; sourceTree = "<group>"; };
		185D032818E52254002FBB8F /* EmojisList.plist */ = {isa = PBXFileReference; fileEncoding = 4; lastKnownFileType = text.plist.xml; path = EmojisList.plist; sourceTree = "<group>"; };
/* End PBXFileReference section */

/* Begin PBXFrameworksBuildPhase section */
		183A98F818DAB6BA008E965A /* Frameworks */ = {
			isa = PBXFrameworksBuildPhase;
			buildActionMask = 2147483647;
			files = (
				183A990118DAB6BA008E965A /* CoreGraphics.framework in Frameworks */,
				183A990318DAB6BA008E965A /* UIKit.framework in Frameworks */,
				183A98FF18DAB6BA008E965A /* Foundation.framework in Frameworks */,
			);
			runOnlyForDeploymentPostprocessing = 0;
		};
		183A991918DAB6BA008E965A /* Frameworks */ = {
			isa = PBXFrameworksBuildPhase;
			buildActionMask = 2147483647;
			files = (
				183A991E18DAB6BA008E965A /* XCTest.framework in Frameworks */,
				183A992018DAB6BA008E965A /* UIKit.framework in Frameworks */,
				183A991F18DAB6BA008E965A /* Foundation.framework in Frameworks */,
			);
			runOnlyForDeploymentPostprocessing = 0;
		};
/* End PBXFrameworksBuildPhase section */

/* Begin PBXGroup section */
		183A98F218DAB6BA008E965A = {
			isa = PBXGroup;
			children = (
				183A990418DAB6BA008E965A /* EmojiKeyBoard */,
				183A992318DAB6BA008E965A /* EmojiKeyBoardTests */,
				183A98FD18DAB6BA008E965A /* Frameworks */,
				183A98FC18DAB6BA008E965A /* Products */,
			);
			sourceTree = "<group>";
		};
		183A98FC18DAB6BA008E965A /* Products */ = {
			isa = PBXGroup;
			children = (
				183A98FB18DAB6BA008E965A /* EmojiKeyBoard.app */,
				183A991C18DAB6BA008E965A /* EmojiKeyBoardTests.xctest */,
			);
			name = Products;
			sourceTree = "<group>";
		};
		183A98FD18DAB6BA008E965A /* Frameworks */ = {
			isa = PBXGroup;
			children = (
				183A98FE18DAB6BA008E965A /* Foundation.framework */,
				183A990018DAB6BA008E965A /* CoreGraphics.framework */,
				183A990218DAB6BA008E965A /* UIKit.framework */,
				183A991D18DAB6BA008E965A /* XCTest.framework */,
			);
			name = Frameworks;
			sourceTree = "<group>";
		};
		183A990418DAB6BA008E965A /* EmojiKeyBoard */ = {
			isa = PBXGroup;
			children = (
				183A993318DAB6F2008E965A /* Emoji */,
				183A990D18DAB6BA008E965A /* AppDelegate.h */,
				183A990E18DAB6BA008E965A /* AppDelegate.m */,
				183A991018DAB6BA008E965A /* Main.storyboard */,
				183A991318DAB6BA008E965A /* ViewController.h */,
				183A991418DAB6BA008E965A /* ViewController.m */,
				183A991618DAB6BA008E965A /* Images.xcassets */,
				183A990518DAB6BA008E965A /* Supporting Files */,
			);
			path = EmojiKeyBoard;
			sourceTree = "<group>";
		};
		183A990518DAB6BA008E965A /* Supporting Files */ = {
			isa = PBXGroup;
			children = (
				183A990618DAB6BA008E965A /* EmojiKeyBoard-Info.plist */,
				183A990718DAB6BA008E965A /* InfoPlist.strings */,
				183A990A18DAB6BA008E965A /* main.m */,
				183A990C18DAB6BA008E965A /* EmojiKeyBoard-Prefix.pch */,
			);
			name = "Supporting Files";
			sourceTree = "<group>";
		};
		183A992318DAB6BA008E965A /* EmojiKeyBoardTests */ = {
			isa = PBXGroup;
			children = (
				183A992918DAB6BA008E965A /* EmojiKeyBoardTests.m */,
				183A992418DAB6BA008E965A /* Supporting Files */,
			);
			path = EmojiKeyBoardTests;
			sourceTree = "<group>";
		};
		183A992418DAB6BA008E965A /* Supporting Files */ = {
			isa = PBXGroup;
			children = (
				183A992518DAB6BA008E965A /* EmojiKeyBoardTests-Info.plist */,
				183A992618DAB6BA008E965A /* InfoPlist.strings */,
			);
			name = "Supporting Files";
			sourceTree = "<group>";
		};
		183A993318DAB6F2008E965A /* Emoji */ = {
			isa = PBXGroup;
			children = (
				185D032818E52254002FBB8F /* EmojisList.plist */,
				183A993918DAC45C008E965A /* backspace_n.png */,
				183A993418DAB6F2008E965A /* EmojiPage_1.h */,
				183A993518DAB6F2008E965A /* EmojiPage_1.m */,
				183A993E18DAD353008E965A /* EmojiPage_2.h */,
				183A993F18DAD353008E965A /* EmojiPage_2.m */,
				183A993B18DACB60008E965A /* EmojiKeyBoard.h */,
				183A993C18DACB60008E965A /* EmojiKeyBoard.m */,
			);
			path = Emoji;
			sourceTree = "<group>";
		};
/* End PBXGroup section */

/* Begin PBXNativeTarget section */
		183A98FA18DAB6BA008E965A /* EmojiKeyBoard */ = {
			isa = PBXNativeTarget;
			buildConfigurationList = 183A992D18DAB6BA008E965A /* Build configuration list for PBXNativeTarget "EmojiKeyBoard" */;
			buildPhases = (
				183A98F718DAB6BA008E965A /* Sources */,
				183A98F818DAB6BA008E965A /* Frameworks */,
				183A98F918DAB6BA008E965A /* Resources */,
			);
			buildRules = (
			);
			dependencies = (
			);
			name = EmojiKeyBoard;
			productName = EmojiKeyBoard;
			productReference = 183A98FB18DAB6BA008E965A /* EmojiKeyBoard.app */;
			productType = "com.apple.product-type.application";
		};
		183A991B18DAB6BA008E965A /* EmojiKeyBoardTests */ = {
			isa = PBXNativeTarget;
			buildConfigurationList = 183A993018DAB6BA008E965A /* Build configuration list for PBXNativeTarget "EmojiKeyBoardTests" */;
			buildPhases = (
				183A991818DAB6BA008E965A /* Sources */,
				183A991918DAB6BA008E965A /* Frameworks */,
				183A991A18DAB6BA008E965A /* Resources */,
			);
			buildRules = (
			);
			dependencies = (
				183A992218DAB6BA008E965A /* PBXTargetDependency */,
			);
			name = EmojiKeyBoardTests;
			productName = EmojiKeyBoardTests;
			productReference = 183A991C18DAB6BA008E965A /* EmojiKeyBoardTests.xctest */;
			productType = "com.apple.product-type.bundle.unit-test";
		};
/* End PBXNativeTarget section */

/* Begin PBXProject section */
		183A98F318DAB6BA008E965A /* Project object */ = {
			isa = PBXProject;
			attributes = {
				LastUpgradeCheck = 0500;
				ORGANIZATIONNAME = chenhao;
				TargetAttributes = {
					183A991B18DAB6BA008E965A = {
						TestTargetID = 183A98FA18DAB6BA008E965A;
					};
				};
			};
			buildConfigurationList = 183A98F618DAB6BA008E965A /* Build configuration list for PBXProject "EmojiKeyBoard" */;
			compatibilityVersion = "Xcode 3.2";
			developmentRegion = English;
			hasScannedForEncodings = 0;
			knownRegions = (
				en,
				Base,
			);
			mainGroup = 183A98F218DAB6BA008E965A;
			productRefGroup = 183A98FC18DAB6BA008E965A /* Products */;
			projectDirPath = "";
			projectRoot = "";
			targets = (
				183A98FA18DAB6BA008E965A /* EmojiKeyBoard */,
				183A991B18DAB6BA008E965A /* EmojiKeyBoardTests */,
			);
		};
/* End PBXProject section */

/* Begin PBXResourcesBuildPhase section */
		183A98F918DAB6BA008E965A /* Resources */ = {
			isa = PBXResourcesBuildPhase;
			buildActionMask = 2147483647;
			files = (
				185D032918E52254002FBB8F /* EmojisList.plist in Resources */,
				183A991718DAB6BA008E965A /* Images.xcassets in Resources */,
				183A990918DAB6BA008E965A /* InfoPlist.strings in Resources */,
				183A993A18DAC45C008E965A /* backspace_n.png in Resources */,
				183A991218DAB6BA008E965A /* Main.storyboard in Resources */,
			);
			runOnlyForDeploymentPostprocessing = 0;
		};
		183A991A18DAB6BA008E965A /* Resources */ = {
			isa = PBXResourcesBuildPhase;
			buildActionMask = 2147483647;
			files = (
				183A992818DAB6BA008E965A /* InfoPlist.strings in Resources */,
			);
			runOnlyForDeploymentPostprocessing = 0;
		};
/* End PBXResourcesBuildPhase section */

/* Begin PBXSourcesBuildPhase section */
		183A98F718DAB6BA008E965A /* Sources */ = {
			isa = PBXSourcesBuildPhase;
			buildActionMask = 2147483647;
			files = (
				183A991518DAB6BA008E965A /* ViewController.m in Sources */,
				183A990F18DAB6BA008E965A /* AppDelegate.m in Sources */,
				183A994018DAD353008E965A /* EmojiPage_2.m in Sources */,
				183A993D18DACB60008E965A /* EmojiKeyBoard.m in Sources */,
				183A990B18DAB6BA008E965A /* main.m in Sources */,
				183A993618DAB6F2008E965A /* EmojiPage_1.m in Sources */,
			);
			runOnlyForDeploymentPostprocessing = 0;
		};
		183A991818DAB6BA008E965A /* Sources */ = {
			isa = PBXSourcesBuildPhase;
			buildActionMask = 2147483647;
			files = (
				183A992A18DAB6BA008E965A /* EmojiKeyBoardTests.m in Sources */,
			);
			runOnlyForDeploymentPostprocessing = 0;
		};
/* End PBXSourcesBuildPhase section */

/* Begin PBXTargetDependency section */
		183A992218DAB6BA008E965A /* PBXTargetDependency */ = {
			isa = PBXTargetDependency;
			target = 183A98FA18DAB6BA008E965A /* EmojiKeyBoard */;
			targetProxy = 183A992118DAB6BA008E965A /* PBXContainerItemProxy */;
		};
/* End PBXTargetDependency section */

/* Begin PBXVariantGroup section */
		183A990718DAB6BA008E965A /* InfoPlist.strings */ = {
			isa = PBXVariantGroup;
			children = (
				183A990818DAB6BA008E965A /* en */,
			);
			name = InfoPlist.strings;
			sourceTree = "<group>";
		};
		183A991018DAB6BA008E965A /* Main.storyboard */ = {
			isa = PBXVariantGroup;
			children = (
				183A991118DAB6BA008E965A /* Base */,
			);
			name = Main.storyboard;
			sourceTree = "<group>";
		};
		183A992618DAB6BA008E965A /* InfoPlist.strings */ = {
			isa = PBXVariantGroup;
			children = (
				183A992718DAB6BA008E965A /* en */,
			);
			name = InfoPlist.strings;
			sourceTree = "<group>";
		};
/* End PBXVariantGroup section */

/* Begin XCBuildConfiguration section */
		183A992B18DAB6BA008E965A /* Debug */ = {
			isa = XCBuildConfiguration;
			buildSettings = {
				ALWAYS_SEARCH_USER_PATHS = NO;
				ARCHS = "$(ARCHS_STANDARD_INCLUDING_64_BIT)";
				CLANG_CXX_LANGUAGE_STANDARD = "gnu++0x";
				CLANG_CXX_LIBRARY = "libc++";
				CLANG_ENABLE_MODULES = YES;
				CLANG_ENABLE_OBJC_ARC = YES;
				CLANG_WARN_BOOL_CONVERSION = YES;
				CLANG_WARN_CONSTANT_CONVERSION = YES;
				CLANG_WARN_DIRECT_OBJC_ISA_USAGE = YES_ERROR;
				CLANG_WARN_EMPTY_BODY = YES;
				CLANG_WARN_ENUM_CONVERSION = YES;
				CLANG_WARN_INT_CONVERSION = YES;
				CLANG_WARN_OBJC_ROOT_CLASS = YES_ERROR;
				CLANG_WARN__DUPLICATE_METHOD_MATCH = YES;
				"CODE_SIGN_IDENTITY[sdk=iphoneos*]" = "iPhone Developer";
				COPY_PHASE_STRIP = NO;
				GCC_C_LANGUAGE_STANDARD = gnu99;
				GCC_DYNAMIC_NO_PIC = NO;
				GCC_OPTIMIZATION_LEVEL = 0;
				GCC_PREPROCESSOR_DEFINITIONS = (
					"DEBUG=1",
					"$(inherited)",
				);
				GCC_SYMBOLS_PRIVATE_EXTERN = NO;
				GCC_WARN_64_TO_32_BIT_CONVERSION = YES;
				GCC_WARN_ABOUT_RETURN_TYPE = YES_ERROR;
				GCC_WARN_UNDECLARED_SELECTOR = YES;
				GCC_WARN_UNINITIALIZED_AUTOS = YES;
				GCC_WARN_UNUSED_FUNCTION = YES;
				GCC_WARN_UNUSED_VARIABLE = YES;
				IPHONEOS_DEPLOYMENT_TARGET = 7.0;
				ONLY_ACTIVE_ARCH = YES;
				SDKROOT = iphoneos;
			};
			name = Debug;
		};
		183A992C18DAB6BA008E965A /* Release */ = {
			isa = XCBuildConfiguration;
			buildSettings = {
				ALWAYS_SEARCH_USER_PATHS = NO;
				ARCHS = "$(ARCHS_STANDARD_INCLUDING_64_BIT)";
				CLANG_CXX_LANGUAGE_STANDARD = "gnu++0x";
				CLANG_CXX_LIBRARY = "libc++";
				CLANG_ENABLE_MODULES = YES;
				CLANG_ENABLE_OBJC_ARC = YES;
				CLANG_WARN_BOOL_CONVERSION = YES;
				CLANG_WARN_CONSTANT_CONVERSION = YES;
				CLANG_WARN_DIRECT_OBJC_ISA_USAGE = YES_ERROR;
				CLANG_WARN_EMPTY_BODY = YES;
				CLANG_WARN_ENUM_CONVERSION = YES;
				CLANG_WARN_INT_CONVERSION = YES;
				CLANG_WARN_OBJC_ROOT_CLASS = YES_ERROR;
				CLANG_WARN__DUPLICATE_METHOD_MATCH = YES;
				"CODE_SIGN_IDENTITY[sdk=iphoneos*]" = "iPhone Developer";
				COPY_PHASE_STRIP = YES;
				ENABLE_NS_ASSERTIONS = NO;
				GCC_C_LANGUAGE_STANDARD = gnu99;
				GCC_WARN_64_TO_32_BIT_CONVERSION = YES;
				GCC_WARN_ABOUT_RETURN_TYPE = YES_ERROR;
				GCC_WARN_UNDECLARED_SELECTOR = YES;
				GCC_WARN_UNINITIALIZED_AUTOS = YES;
				GCC_WARN_UNUSED_FUNCTION = YES;
				GCC_WARN_UNUSED_VARIABLE = YES;
				IPHONEOS_DEPLOYMENT_TARGET = 7.0;
				SDKROOT = iphoneos;
				VALIDATE_PRODUCT = YES;
			};
			name = Release;
		};
		183A992E18DAB6BA008E965A /* Debug */ = {
			isa = XCBuildConfiguration;
			buildSettings = {
				ASSETCATALOG_COMPILER_APPICON_NAME = AppIcon;
				ASSETCATALOG_COMPILER_LAUNCHIMAGE_NAME = LaunchImage;
				GCC_PRECOMPILE_PREFIX_HEADER = YES;
				GCC_PREFIX_HEADER = "EmojiKeyBoard/EmojiKeyBoard-Prefix.pch";
				INFOPLIST_FILE = "EmojiKeyBoard/EmojiKeyBoard-Info.plist";
				PRODUCT_NAME = "$(TARGET_NAME)";
				WRAPPER_EXTENSION = app;
			};
			name = Debug;
		};
		183A992F18DAB6BA008E965A /* Release */ = {
			isa = XCBuildConfiguration;
			buildSettings = {
				ASSETCATALOG_COMPILER_APPICON_NAME = AppIcon;
				ASSETCATALOG_COMPILER_LAUNCHIMAGE_NAME = LaunchImage;
				GCC_PRECOMPILE_PREFIX_HEADER = YES;
				GCC_PREFIX_HEADER = "EmojiKeyBoard/EmojiKeyBoard-Prefix.pch";
				INFOPLIST_FILE = "EmojiKeyBoard/EmojiKeyBoard-Info.plist";
				PRODUCT_NAME = "$(TARGET_NAME)";
				WRAPPER_EXTENSION = app;
			};
			name = Release;
		};
		183A993118DAB6BA008E965A /* Debug */ = {
			isa = XCBuildConfiguration;
			buildSettings = {
				ARCHS = "$(ARCHS_STANDARD_INCLUDING_64_BIT)";
				BUNDLE_LOADER = "$(BUILT_PRODUCTS_DIR)/EmojiKeyBoard.app/EmojiKeyBoard";
				FRAMEWORK_SEARCH_PATHS = (
					"$(SDKROOT)/Developer/Library/Frameworks",
					"$(inherited)",
					"$(DEVELOPER_FRAMEWORKS_DIR)",
				);
				GCC_PRECOMPILE_PREFIX_HEADER = YES;
				GCC_PREFIX_HEADER = "EmojiKeyBoard/EmojiKeyBoard-Prefix.pch";
				GCC_PREPROCESSOR_DEFINITIONS = (
					"DEBUG=1",
					"$(inherited)",
				);
				INFOPLIST_FILE = "EmojiKeyBoardTests/EmojiKeyBoardTests-Info.plist";
				PRODUCT_NAME = "$(TARGET_NAME)";
				TEST_HOST = "$(BUNDLE_LOADER)";
				WRAPPER_EXTENSION = xctest;
			};
			name = Debug;
		};
		183A993218DAB6BA008E965A /* Release */ = {
			isa = XCBuildConfiguration;
			buildSettings = {
				ARCHS = "$(ARCHS_STANDARD_INCLUDING_64_BIT)";
				BUNDLE_LOADER = "$(BUILT_PRODUCTS_DIR)/EmojiKeyBoard.app/EmojiKeyBoard";
				FRAMEWORK_SEARCH_PATHS = (
					"$(SDKROOT)/Developer/Library/Frameworks",
					"$(inherited)",
					"$(DEVELOPER_FRAMEWORKS_DIR)",
				);
				GCC_PRECOMPILE_PREFIX_HEADER = YES;
				GCC_PREFIX_HEADER = "EmojiKeyBoard/EmojiKeyBoard-Prefix.pch";
				INFOPLIST_FILE = "EmojiKeyBoardTests/EmojiKeyBoardTests-Info.plist";
				PRODUCT_NAME = "$(TARGET_NAME)";
				TEST_HOST = "$(BUNDLE_LOADER)";
				WRAPPER_EXTENSION = xctest;
			};
			name = Release;
		};
/* End XCBuildConfiguration section */

/* Begin XCConfigurationList section */
		183A98F618DAB6BA008E965A /* Build configuration list for PBXProject "EmojiKeyBoard" */ = {
			isa = XCConfigurationList;
			buildConfigurations = (
				183A992B18DAB6BA008E965A /* Debug */,
				183A992C18DAB6BA008E965A /* Release */,
			);
			defaultConfigurationIsVisible = 0;
			defaultConfigurationName = Release;
		};
		183A992D18DAB6BA008E965A /* Build configuration list for PBXNativeTarget "EmojiKeyBoard" */ = {
			isa = XCConfigurationList;
			buildConfigurations = (
				183A992E18DAB6BA008E965A /* Debug */,
				183A992F18DAB6BA008E965A /* Release */,
			);
			defaultConfigurationIsVisible = 0;
			defaultConfigurationName = Release;
		};
		183A993018DAB6BA008E965A /* Build configuration list for PBXNativeTarget "EmojiKeyBoardTests" */ = {
			isa = XCConfigurationList;
			buildConfigurations = (
				183A993118DAB6BA008E965A /* Debug */,
				183A993218DAB6BA008E965A /* Release */,
			);
			defaultConfigurationIsVisible = 0;
			defaultConfigurationName = Release;
		};
/* End XCConfigurationList section */
	};
	rootObject = 183A98F318DAB6BA008E965A /* Project object */;
}
